# generated by rye
# use `rye lock` or `rye sync` to update this lockfile
#
# last locked with the following flags:
#   pre: false
#   features: []
#   all-features: false
#   with-sources: false

-e file:.
aiohttp==3.9.3
    # via prompt-library
aiosignal==1.3.1
    # via aiohttp
async-timeout==4.0.3
    # via aiohttp
attrs==23.2.0
    # via aiohttp
beautifulsoup4==4.12.3
    # via prompt-library
black==24.3.0
click==8.1.7
    # via black
frozenlist==1.4.1
    # via aiohttp
    # via aiosignal
idna==3.6
    # via yarl
isort==5.13.2
multidict==6.0.5
    # via aiohttp
    # via yarl
mypy-extensions==1.0.0
    # via black
packaging==24.0
    # via black
pathspec==0.12.1
    # via black
platformdirs==4.2.0
    # via black
soupsieve==2.5
    # via beautifulsoup4
tomli==2.0.1
    # via black
typing-extensions==4.10.0
    # via black
yarl==1.9.4
    # via aiohttp
